
Microsoft Visual Studio Solution File, Format Version 11.00
# Visual Studio 2010
Project("{8BC9CEB8-8B4A-11D0-8D11-00A0C91BC942}") = "Merged Project", "Merged Project\Merged Project.vcxproj", "{BE819C87-63C5-48C8-B0AA-A7E7C8BFA6BA}"
EndProject
Global
	GlobalSection(SolutionConfigurationPlatforms) = preSolution
		Debug|Win32 = Debug|Win32
		Release|Win32 = Release|Win32
	EndGlobalSection
	GlobalSection(ProjectConfigurationPlatforms) = postSolution
		{BE819C87-63C5-48C8-B0AA-A7E7C8BFA6BA}.Debug|Win32.ActiveCfg = Debug|Win32
		{BE819C87-63C5-48C8-B0AA-A7E7C8BFA6BA}.Debug|Win32.Build.0 = Debug|Win32
		{BE819C87-63C5-48C8-B0AA-A7E7C8BFA6BA}.Release|Win32.ActiveCfg = Release|Win32
		{BE819C87-63C5-48C8-B0AA-A7E7C8BFA6BA}.Release|Win32.Build.0 = Release|Win32
	EndGlobalSection
	GlobalSection(SolutionProperties) = preSolution
		HideSolutionNode = FALSE
	EndGlobalSection
EndGlobal
